
Microsoft Visual Studio Solution File, Format Version 12.00
# Visual Studio Version 17
VisualStudioVersion = 17.3.32929.385
MinimumVisualStudioVersion = 10.0.40219.1
Project("{8BC9CEB8-8B4A-11D0-8D11-00A0C91BC942}") = "Server", "Server.vcxproj", "{06F6AE96-0580-4730-9BA5-7DFCDB057AC0}"
EndProject
Global
	GlobalSection(SolutionConfigurationPlatforms) = preSolution
		Debug|x64 = Debug|x64
		Debug|x86 = Debug|x86
		Release|x64 = Release|x64
		Release|x86 = Release|x86
	EndGlobalSection
	GlobalSection(ProjectConfigurationPlatforms) = postSolution
		{06F6AE96-0580-4730-9BA5-7DFCDB057AC0}.Debug|x64.ActiveCfg = Debug|x64
		{06F6AE96-0580-4730-9BA5-7DFCDB057AC0}.Debug|x64.Build.0 = Debug|x64
		{06F6AE96-0580-4730-9BA5-7DFCDB057AC0}.Debug|x86.ActiveCfg = Debug|Win32
		{06F6AE96-0580-4730-9BA5-7DFCDB057AC0}.Debug|x86.Build.0 = Debug|Win32
		{06F6AE96-0580-4730-9BA5-7DFCDB057AC0}.Release|x64.ActiveCfg = Release|x64
		{06F6AE96-0580-4730-9BA5-7DFCDB057AC0}.Release|x64.Build.0 = Release|x64
		{06F6AE96-0580-4730-9BA5-7DFCDB057AC0}.Release|x86.ActiveCfg = Release|Win32
		{06F6AE96-0580-4730-9BA5-7DFCDB057AC0}.Release|x86.Build.0 = Release|Win32
	EndGlobalSection
	GlobalSection(SolutionProperties) = preSolution
		HideSolutionNode = FALSE
	EndGlobalSection
	GlobalSection(ExtensibilityGlobals) = postSolution
		SolutionGuid = {F01FDA2C-4FBA-4BA6-AD6E-68083DECC1AA}
	EndGlobalSection
EndGlobal
